{
  "pins" : [
    {
      "identity" : "googleads-mobile-ios-mediation-liftoffmonetize",
      "kind" : "remoteSourceControl",
      "location" : "https://github.com/googleads/googleads-mobile-ios-mediation-liftoffmonetize.git",
      "state" : {
        "revision" : "292796aaabf0068c8c3e2ede917a254227dd26be",
        "version" : "7.5.300"
      }
    },
    {
      "identity" : "googleads-mobile-ios-mediation-meta",
      "kind" : "remoteSourceControl",
      "location" : "https://github.com/googleads/googleads-mobile-ios-mediation-meta.git",
      "state" : {
        "revision" : "52622d310c2f147684eeab5c07df82b95bd3bf9f",
        "version" : "6.20.100"
      }
    },
    {
      "identity" : "swift-package-manager-google-mobile-ads",
      "kind" : "remoteSourceControl",
      "location" : "https://github.com/googleads/swift-package-manager-google-mobile-ads.git",
      "state" : {
        "revision" : "1239c23464503053c17d37ee5daa70de3455e9c8",
        "version" : "12.14.0"
      }
    },
    {
      "identity" : "swift-package-manager-google-user-messaging-platform",
      "kind" : "remoteSourceControl",
      "location" : "https://github.com/googleads/swift-package-manager-google-user-messaging-platform.git",
      "state" : {
        "revision" : "13b248eaa73b7826f0efb1bcf455e251d65ecb1b",
        "version" : "3.1.0"
      }
    },
    {
      "identity" : "vungleadssdk-swiftpackagemanager",
      "kind" : "remoteSourceControl",
      "location" : "https://github.com/Vungle/VungleAdsSDK-SwiftPackageManager.git",
      "state" : {
        "revision" : "ba979b52fe380523b2072720da495d38a8cf9714",
        "version" : "7.6.0"
      }
    }
  ],
  "version" : 2
}
