{
  "pins" : [
    {
      "identity" : "applovin-max-swift-package",
      "kind" : "remoteSourceControl",
      "location" : "https://github.com/AppLovin/AppLovin-MAX-Swift-Package.git",
      "state" : {
        "revision" : "ab755a46ff19a9a578e709aeee49653a9239f225",
        "version" : "13.6.3"
      }
    },
    {
      "identity" : "bidmachine-spm",
      "kind" : "remoteSourceControl",
      "location" : "https://github.com/bidmachine/BidMachine-SPM.git",
      "state" : {
        "revision" : "1a70c03511541528c5950f214d04bf02e8293f95",
        "version" : "3.7.0"
      }
    },
    {
      "identity" : "googleads-mobile-ios-mediation-applovin",
      "kind" : "remoteSourceControl",
      "location" : "https://github.com/googleads/googleads-mobile-ios-mediation-applovin.git",
      "state" : {
        "revision" : "beec586eda7b4abb177b3fda4ee1e9c9a0663b6e",
        "version" : "13.6.300"
      }
    },
    {
      "identity" : "googleads-mobile-ios-mediation-bidmachine",
      "kind" : "remoteSourceControl",
      "location" : "https://github.com/googleads/googleads-mobile-ios-mediation-bidmachine.git",
      "state" : {
        "revision" : "d9aec35a3e5a3c41e325c53a46c6ebab8678273f",
        "version" : "3.7.0"
      }
    },
    {
      "identity" : "googleads-mobile-ios-mediation-ironsource",
      "kind" : "remoteSourceControl",
      "location" : "https://github.com/googleads/googleads-mobile-ios-mediation-ironsource.git",
      "state" : {
        "revision" : "67471480bd1f65fba34fa77bcea562f851e40d75",
        "version" : "9.4.10001"
      }
    },
    {
      "identity" : "googleads-mobile-ios-mediation-liftoffmonetize",
      "kind" : "remoteSourceControl",
      "location" : "https://github.com/googleads/googleads-mobile-ios-mediation-liftoffmonetize.git",
      "state" : {
        "revision" : "292796aaabf0068c8c3e2ede917a254227dd26be",
        "version" : "7.5.300"
      }
    },
    {
      "identity" : "googleads-mobile-ios-mediation-meta",
      "kind" : "remoteSourceControl",
      "location" : "https://github.com/googleads/googleads-mobile-ios-mediation-meta.git",
      "state" : {
        "revision" : "52622d310c2f147684eeab5c07df82b95bd3bf9f",
        "version" : "6.20.100"
      }
    },
    {
      "identity" : "googleads-mobile-ios-mediation-unity",
      "kind" : "remoteSourceControl",
      "location" : "https://github.com/googleads/googleads-mobile-ios-mediation-unity.git",
      "state" : {
        "revision" : "63742a7728ab02f8fc5c9a249ca3f0b60dfe8b8a",
        "version" : "4.18.100"
      }
    },
    {
      "identity" : "omsdk-appodeal-ios-package",
      "kind" : "remoteSourceControl",
      "location" : "https://github.com/bidmachine/OMSDK-Appodeal-iOS-Package",
      "state" : {
        "revision" : "4bf273b11b7e54055272330ee2a2329b0f1d19e9",
        "version" : "1.6.3"
      }
    },
    {
      "identity" : "swift-package-manager-google-mobile-ads",
      "kind" : "remoteSourceControl",
      "location" : "https://github.com/googleads/swift-package-manager-google-mobile-ads.git",
      "state" : {
        "revision" : "e2b1c31cdf11cb4b57b4e70ae4c313d4e48c444a",
        "version" : "13.3.0"
      }
    },
    {
      "identity" : "swift-package-manager-google-user-messaging-platform",
      "kind" : "remoteSourceControl",
      "location" : "https://github.com/googleads/swift-package-manager-google-user-messaging-platform.git",
      "state" : {
        "revision" : "13b248eaa73b7826f0efb1bcf455e251d65ecb1b",
        "version" : "3.1.0"
      }
    },
    {
      "identity" : "unity-ad-quality-swift-package",
      "kind" : "remoteSourceControl",
      "location" : "https://github.com/ironsource-mobile/Unity-Ad-Quality-Swift-Package",
      "state" : {
        "revision" : "222b15d9d5123f0c1de1a807293df137b4b5ceb9",
        "version" : "9.5.1"
      }
    },
    {
      "identity" : "unity-mediation-iads-swift-package",
      "kind" : "remoteSourceControl",
      "location" : "https://github.com/ironsource-mobile/Unity-Mediation-iAds-Swift-Package.git",
      "state" : {
        "revision" : "70afee750c111d98c15d72d95fb61c72f67d4b79",
        "version" : "9.4.1"
      }
    },
    {
      "identity" : "vungleadssdk-swiftpackagemanager",
      "kind" : "remoteSourceControl",
      "location" : "https://github.com/Vungle/VungleAdsSDK-SwiftPackageManager.git",
      "state" : {
        "revision" : "ba979b52fe380523b2072720da495d38a8cf9714",
        "version" : "7.6.0"
      }
    }
  ],
  "version" : 2
}
