{
  "pins" : [
    {
      "identity" : "adsglobalpackage",
      "kind" : "remoteSourceControl",
      "location" : "https://github.com/bytedance/AdsGlobalPackage.git",
      "state" : {
        "revision" : "d3723d1de12975ef739d47bfbf8836c8d6364976",
        "version" : "8.2.1-release.0"
      }
    },
    {
      "identity" : "applovin-max-swift-package",
      "kind" : "remoteSourceControl",
      "location" : "https://github.com/AppLovin/AppLovin-MAX-Swift-Package.git",
      "state" : {
        "revision" : "ab755a46ff19a9a578e709aeee49653a9239f225",
        "version" : "13.6.3"
      }
    },
    {
      "identity" : "bidmachine-spm",
      "kind" : "remoteSourceControl",
      "location" : "https://github.com/bidmachine/BidMachine-SPM.git",
      "state" : {
        "revision" : "8534877b371cb42d26bd6cd57f34e28e05b88059",
        "version" : "3.7.1"
      }
    },
    {
      "identity" : "chartboost-monetization-ios-sdk",
      "kind" : "remoteSourceControl",
      "location" : "https://github.com/ChartBoost/chartboost-monetization-ios-sdk.git",
      "state" : {
        "revision" : "ebe94ac847ef9494c95e9c245b2d6525c1b048e4",
        "version" : "9.13.0"
      }
    },
    {
      "identity" : "dtexchangesdk-ios-spm",
      "kind" : "remoteSourceControl",
      "location" : "https://github.com/inner-active/DTExchangeSDK-iOS-SPM.git",
      "state" : {
        "revision" : "14a6792285a47ebbe236c75418fa4782307da470",
        "version" : "8.4.10"
      }
    },
    {
      "identity" : "fbaudiencenetwork",
      "kind" : "remoteSourceControl",
      "location" : "https://github.com/facebook/FBAudienceNetwork.git",
      "state" : {
        "revision" : "26100d29de1cdb6753d7c602391f6fc6d29f6507",
        "version" : "6.22.0"
      }
    },
    {
      "identity" : "googleads-mobile-ios-mediation-applovin",
      "kind" : "remoteSourceControl",
      "location" : "https://github.com/googleads/googleads-mobile-ios-mediation-applovin.git",
      "state" : {
        "revision" : "beec586eda7b4abb177b3fda4ee1e9c9a0663b6e",
        "version" : "13.6.300"
      }
    },
    {
      "identity" : "googleads-mobile-ios-mediation-bidmachine",
      "kind" : "remoteSourceControl",
      "location" : "https://github.com/googleads/googleads-mobile-ios-mediation-bidmachine.git",
      "state" : {
        "revision" : "96ea936d89cb43d097b2f7cb736890ae85d06969",
        "version" : "3.7.100"
      }
    },
    {
      "identity" : "googleads-mobile-ios-mediation-chartboost",
      "kind" : "remoteSourceControl",
      "location" : "https://github.com/googleads/googleads-mobile-ios-mediation-chartboost.git",
      "state" : {
        "revision" : "476e7695753de69f9728b5b8b1a84c6bf2da8f15",
        "version" : "9.13.0"
      }
    },
    {
      "identity" : "googleads-mobile-ios-mediation-dtexchange",
      "kind" : "remoteSourceControl",
      "location" : "https://github.com/googleads/googleads-mobile-ios-mediation-dtexchange.git",
      "state" : {
        "revision" : "ee9dd574c95df1a5bbb9e0fcbf47eae76a159c53",
        "version" : "8.4.1000"
      }
    },
    {
      "identity" : "googleads-mobile-ios-mediation-imobile",
      "kind" : "remoteSourceControl",
      "location" : "https://github.com/googleads/googleads-mobile-ios-mediation-imobile.git",
      "state" : {
        "revision" : "7db8a26617f90b22ea873041a8c1e992ede5099c",
        "version" : "2.3.408"
      }
    },
    {
      "identity" : "googleads-mobile-ios-mediation-inmobi",
      "kind" : "remoteSourceControl",
      "location" : "https://github.com/googleads/googleads-mobile-ios-mediation-inmobi.git",
      "state" : {
        "revision" : "00be49f00bea7cd025c58719d8323ffdcb510461",
        "version" : "11.4.100"
      }
    },
    {
      "identity" : "googleads-mobile-ios-mediation-ironsource",
      "kind" : "remoteSourceControl",
      "location" : "https://github.com/googleads/googleads-mobile-ios-mediation-ironsource.git",
      "state" : {
        "revision" : "dace7485ad92e11d81fbcb738cf722a0b58014ef",
        "version" : "9.5.0"
      }
    },
    {
      "identity" : "googleads-mobile-ios-mediation-liftoffmonetize",
      "kind" : "remoteSourceControl",
      "location" : "https://github.com/googleads/googleads-mobile-ios-mediation-liftoffmonetize.git",
      "state" : {
        "revision" : "0671e795baf603a38516d6c98e831606a96e443f",
        "version" : "7.7.600"
      }
    },
    {
      "identity" : "googleads-mobile-ios-mediation-line",
      "kind" : "remoteSourceControl",
      "location" : "https://github.com/googleads/googleads-mobile-ios-mediation-line.git",
      "state" : {
        "revision" : "5235276343f96a64c7893e074e34610c83430645",
        "version" : "3.0.102"
      }
    },
    {
      "identity" : "googleads-mobile-ios-mediation-maio",
      "kind" : "remoteSourceControl",
      "location" : "https://github.com/googleads/googleads-mobile-ios-mediation-maio.git",
      "state" : {
        "revision" : "e5697d8641b884ee24f04b82a9d25bb79da8849e",
        "version" : "2.2.102"
      }
    },
    {
      "identity" : "googleads-mobile-ios-mediation-meta",
      "kind" : "remoteSourceControl",
      "location" : "https://github.com/googleads/googleads-mobile-ios-mediation-meta.git",
      "state" : {
        "revision" : "0a3d0597402162334fb5e11816ca612478180095",
        "version" : "6.22.0"
      }
    },
    {
      "identity" : "googleads-mobile-ios-mediation-mintegral",
      "kind" : "remoteSourceControl",
      "location" : "https://github.com/googleads/googleads-mobile-ios-mediation-mintegral.git",
      "state" : {
        "revision" : "a74664fde1d3a97c4142bf11a0de281daa09dd0e",
        "version" : "8.1.600"
      }
    },
    {
      "identity" : "googleads-mobile-ios-mediation-moloco",
      "kind" : "remoteSourceControl",
      "location" : "https://github.com/googleads/googleads-mobile-ios-mediation-moloco.git",
      "state" : {
        "revision" : "b0ebd8b61f151f5ed36b205249606d3430332dc4",
        "version" : "4.9.0"
      }
    },
    {
      "identity" : "googleads-mobile-ios-mediation-mytarget",
      "kind" : "remoteSourceControl",
      "location" : "https://github.com/googleads/googleads-mobile-ios-mediation-mytarget.git",
      "state" : {
        "revision" : "5b9c855409aea9962e6f297758cc61f307107db5",
        "version" : "5.45.1"
      }
    },
    {
      "identity" : "googleads-mobile-ios-mediation-pangle",
      "kind" : "remoteSourceControl",
      "location" : "https://github.com/googleads/googleads-mobile-ios-mediation-pangle.git",
      "state" : {
        "revision" : "cad7fcddb90ee3936577f039fa13b65d4151fa3f",
        "version" : "8.2.10000"
      }
    },
    {
      "identity" : "googleads-mobile-ios-mediation-pubmatic",
      "kind" : "remoteSourceControl",
      "location" : "https://github.com/googleads/googleads-mobile-ios-mediation-pubmatic.git",
      "state" : {
        "revision" : "db087fdcf5a9564f333a4d840f06f81db4142eaf",
        "version" : "5.2.0"
      }
    },
    {
      "identity" : "googleads-mobile-ios-mediation-unity",
      "kind" : "remoteSourceControl",
      "location" : "https://github.com/googleads/googleads-mobile-ios-mediation-unity.git",
      "state" : {
        "revision" : "ddc3e92f5831dee5496110a1a4d4337c61e1efed",
        "version" : "4.19.1"
      }
    },
    {
      "identity" : "inmobisdk-swift-package",
      "kind" : "remoteSourceControl",
      "location" : "https://github.com/InMobi/InMobiSDK-Swift-Package.git",
      "state" : {
        "revision" : "ba46fc5d865080b352d0002533e14a9298fcddbe",
        "version" : "11.4.1"
      }
    },
    {
      "identity" : "maiosdk-v2-ios",
      "kind" : "remoteSourceControl",
      "location" : "https://github.com/imobile/MaioSDK-v2-iOS.git",
      "state" : {
        "revision" : "dcc77ac63d560fd5d2931c8b08c62534effcc5de",
        "version" : "2.2.1"
      }
    },
    {
      "identity" : "mintegraladsdk-swift-package",
      "kind" : "remoteSourceControl",
      "location" : "https://github.com/Mintegral-official/MintegralAdSDK-Swift-Package.git",
      "state" : {
        "revision" : "e82b94163e2228b40d2654e4c30bffe34aa2f141",
        "version" : "8.1.6"
      }
    },
    {
      "identity" : "moloco-sdk-ios-spm",
      "kind" : "remoteSourceControl",
      "location" : "https://github.com/moloco/moloco-sdk-ios-spm.git",
      "state" : {
        "revision" : "44be86a8eed3a421f79fb3a131bf980d6a203b5b",
        "version" : "4.9.0"
      }
    },
    {
      "identity" : "mytarget-ios-spm",
      "kind" : "remoteSourceControl",
      "location" : "https://github.com/myTargetSDK/mytarget-ios-spm.git",
      "state" : {
        "revision" : "d61c56e4f2e8535d48235156efc7ddafb40f368d",
        "version" : "5.45.0"
      }
    },
    {
      "identity" : "mytracker-ios-spm",
      "kind" : "remoteSourceControl",
      "location" : "https://github.com/myTrackerSDK/mytracker-ios-spm.git",
      "state" : {
        "revision" : "bbd0468cfa1a3b93aeab8f8304ece39141e1aeba",
        "version" : "3.4.2"
      }
    },
    {
      "identity" : "omsdk-appodeal-ios-package",
      "kind" : "remoteSourceControl",
      "location" : "https://github.com/bidmachine/OMSDK-Appodeal-iOS-Package",
      "state" : {
        "revision" : "4bf273b11b7e54055272330ee2a2329b0f1d19e9",
        "version" : "1.6.3"
      }
    },
    {
      "identity" : "openwrapsdk-swift-package",
      "kind" : "remoteSourceControl",
      "location" : "https://github.com/PubMatic/OpenWrapSDK-Swift-Package.git",
      "state" : {
        "revision" : "1d6582cdb53045abab34eceb8a87210047c46d94",
        "version" : "5.2.0"
      }
    },
    {
      "identity" : "swift-package-manager-fivead",
      "kind" : "remoteSourceControl",
      "location" : "https://github.com/ly-ads-network/swift-package-manager-fivead.git",
      "state" : {
        "revision" : "7daac26259185d5e375f3e2268d4310143be561e",
        "version" : "3.0.1"
      }
    },
    {
      "identity" : "swift-package-manager-google-mobile-ads",
      "kind" : "remoteSourceControl",
      "location" : "https://github.com/googleads/swift-package-manager-google-mobile-ads.git",
      "state" : {
        "revision" : "3b18c931f304a7688308409f182ff28d14f908e2",
        "version" : "13.8.0"
      }
    },
    {
      "identity" : "swift-package-manager-google-user-messaging-platform",
      "kind" : "remoteSourceControl",
      "location" : "https://github.com/googleads/swift-package-manager-google-user-messaging-platform.git",
      "state" : {
        "revision" : "13b248eaa73b7826f0efb1bcf455e251d65ecb1b",
        "version" : "3.1.0"
      }
    },
    {
      "identity" : "unity-ad-quality-swift-package",
      "kind" : "remoteSourceControl",
      "location" : "https://github.com/ironsource-mobile/Unity-Ad-Quality-Swift-Package",
      "state" : {
        "revision" : "222b15d9d5123f0c1de1a807293df137b4b5ceb9",
        "version" : "9.5.1"
      }
    },
    {
      "identity" : "unity-ads-swift-package",
      "kind" : "remoteSourceControl",
      "location" : "https://github.com/Unity-Technologies/Unity-Ads-Swift-Package.git",
      "state" : {
        "revision" : "15e46d4d96b941eb0bc9ae8b9d97574b29618f4d",
        "version" : "4.19.0"
      }
    },
    {
      "identity" : "unity-mediation-iads-swift-package",
      "kind" : "remoteSourceControl",
      "location" : "https://github.com/ironsource-mobile/Unity-Mediation-iAds-Swift-Package.git",
      "state" : {
        "revision" : "812a0d82c0664cedbed7084aa92ff4a7af92da0d",
        "version" : "9.5.0"
      }
    },
    {
      "identity" : "vungleadssdk-swiftpackagemanager",
      "kind" : "remoteSourceControl",
      "location" : "https://github.com/Vungle/VungleAdsSDK-SwiftPackageManager.git",
      "state" : {
        "revision" : "281ce30afeedba62113cc511a42853de614e4ddb",
        "version" : "7.7.6"
      }
    }
  ],
  "version" : 2
}
